// !$*UTF8*$!
{
	archiveVersion = 1;
	classes = {
	};
	objectVersion = 55;
	objects = {

/* Begin PBXBuildFile section */
		BB805DE5273DC78D008BEEAC /* iOS_ConcurrencyApp.swift in Sources */ = {isa = PBXBuildFile; fileRef = BB805DE4273DC78D008BEEAC /* iOS_ConcurrencyApp.swift */; };
		BB805DE7273DC78D008BEEAC /* UsersListView.swift in Sources */ = {isa = PBXBuildFile; fileRef = BB805DE6273DC78D008BEEAC /* UsersListView.swift */; };
		BB805DE9273DC78E008BEEAC /* Assets.xcassets in Resources */ = {isa = PBXBuildFile; fileRef = BB805DE8273DC78E008BEEAC /* Assets.xcassets */; };
		BB805DEC273DC78E008BEEAC /* Preview Assets.xcassets in Resources */ = {isa = PBXBuildFile; fileRef = BB805DEB273DC78E008BEEAC /* Preview Assets.xcassets */; };
		BB805DF5273DCA8B008BEEAC /* User.swift in Sources */ = {isa = PBXBuildFile; fileRef = BB805DF4273DCA8B008BEEAC /* User.swift */; };
		BB805DF7273DCB2B008BEEAC /* Post.swift in Sources */ = {isa = PBXBuildFile; fileRef = BB805DF6273DCB2B008BEEAC /* Post.swift */; };
		BB805DFA273DCE80008BEEAC /* APIService.swift in Sources */ = {isa = PBXBuildFile; fileRef = BB805DF9273DCE80008BEEAC /* APIService.swift */; };
		BB805DFE273DD9D9008BEEAC /* UsersListViewModel.swift in Sources */ = {isa = PBXBuildFile; fileRef = BB805DFD273DD9D9008BEEAC /* UsersListViewModel.swift */; };
		BB805E00273DE483008BEEAC /* users.json in Resources */ = {isa = PBXBuildFile; fileRef = BB805DFF273DE483008BEEAC /* users.json */; };
		BB805E02273DE4AC008BEEAC /* posts.json in Resources */ = {isa = PBXBuildFile; fileRef = BB805E01273DE4AC008BEEAC /* posts.json */; };
		BB805E05273DE506008BEEAC /* Bundle+Extension.swift in Sources */ = {isa = PBXBuildFile; fileRef = BB805E04273DE506008BEEAC /* Bundle+Extension.swift */; };
		BB805E07273DE52D008BEEAC /* MockData.swift in Sources */ = {isa = PBXBuildFile; fileRef = BB805E06273DE52D008BEEAC /* MockData.swift */; };
		BB805E09273DE862008BEEAC /* PostsListViewModel.swift in Sources */ = {isa = PBXBuildFile; fileRef = BB805E08273DE862008BEEAC /* PostsListViewModel.swift */; };
		BB805E0B273DE98F008BEEAC /* PostsListView.swift in Sources */ = {isa = PBXBuildFile; fileRef = BB805E0A273DE98F008BEEAC /* PostsListView.swift */; };
/* End PBXBuildFile section */

/* Begin PBXFileReference section */
		BB805DE1273DC78D008BEEAC /* iOS Concurrency.app */ = {isa = PBXFileReference; explicitFileType = wrapper.application; includeInIndex = 0; path = "iOS Concurrency.app"; sourceTree = BUILT_PRODUCTS_DIR; };
		BB805DE4273DC78D008BEEAC /* iOS_ConcurrencyApp.swift */ = {isa = PBXFileReference; lastKnownFileType = sourcecode.swift; path = iOS_ConcurrencyApp.swift; sourceTree = "<group>"; };
		BB805DE6273DC78D008BEEAC /* UsersListView.swift */ = {isa = PBXFileReference; lastKnownFileType = sourcecode.swift; path = UsersListView.swift; sourceTree = "<group>"; };
		BB805DE8273DC78E008BEEAC /* Assets.xcassets */ = {isa = PBXFileReference; lastKnownFileType = folder.assetcatalog; path = Assets.xcassets; sourceTree = "<group>"; };
		BB805DEB273DC78E008BEEAC /* Preview Assets.xcassets */ = {isa = PBXFileReference; lastKnownFileType = folder.assetcatalog; path = "Preview Assets.xcassets"; sourceTree = "<group>"; };
		BB805DF2273DC7FF008BEEAC /* iOS-Concurrency-Info.plist */ = {isa = PBXFileReference; lastKnownFileType = text.plist; path = "iOS-Concurrency-Info.plist"; sourceTree = SOURCE_ROOT; };
		BB805DF4273DCA8B008BEEAC /* User.swift */ = {isa = PBXFileReference; lastKnownFileType = sourcecode.swift; path = User.swift; sourceTree = "<group>"; };
		BB805DF6273DCB2B008BEEAC /* Post.swift */ = {isa = PBXFileReference; lastKnownFileType = sourcecode.swift; path = Post.swift; sourceTree = "<group>"; };
		BB805DF9273DCE80008BEEAC /* APIService.swift */ = {isa = PBXFileReference; lastKnownFileType = sourcecode.swift; path = APIService.swift; sourceTree = "<group>"; };
		BB805DFD273DD9D9008BEEAC /* UsersListViewModel.swift */ = {isa = PBXFileReference; lastKnownFileType = sourcecode.swift; path = UsersListViewModel.swift; sourceTree = "<group>"; };
		BB805DFF273DE483008BEEAC /* users.json */ = {isa = PBXFileReference; lastKnownFileType = text.json; path = users.json; sourceTree = "<group>"; };
		BB805E01273DE4AC008BEEAC /* posts.json */ = {isa = PBXFileReference; lastKnownFileType = text.json; path = posts.json; sourceTree = "<group>"; };
		BB805E04273DE506008BEEAC /* Bundle+Extension.swift */ = {isa = PBXFileReference; lastKnownFileType = sourcecode.swift; path = "Bundle+Extension.swift"; sourceTree = "<group>"; };
		BB805E06273DE52D008BEEAC /* MockData.swift */ = {isa = PBXFileReference; lastKnownFileType = sourcecode.swift; path = MockData.swift; sourceTree = "<group>"; };
		BB805E08273DE862008BEEAC /* PostsListViewModel.swift */ = {isa = PBXFileReference; lastKnownFileType = sourcecode.swift; path = PostsListViewModel.swift; sourceTree = "<group>"; };
		BB805E0A273DE98F008BEEAC /* PostsListView.swift */ = {isa = PBXFileReference; lastKnownFileType = sourcecode.swift; path = PostsListView.swift; sourceTree = "<group>"; };
/* End PBXFileReference section */

/* Begin PBXFrameworksBuildPhase section */
		BB805DDE273DC78D008BEEAC /* Frameworks */ = {
			isa = PBXFrameworksBuildPhase;
			buildActionMask = 2147483647;
			files = (
			);
			runOnlyForDeploymentPostprocessing = 0;
		};
/* End PBXFrameworksBuildPhase section */

/* Begin PBXGroup section */
		BB805DD8273DC78D008BEEAC = {
			isa = PBXGroup;
			children = (
				BB805DE3273DC78D008BEEAC /* iOS Concurrency */,
				BB805DE2273DC78D008BEEAC /* Products */,
			);
			sourceTree = "<group>";
		};
		BB805DE2273DC78D008BEEAC /* Products */ = {
			isa = PBXGroup;
			children = (
				BB805DE1273DC78D008BEEAC /* iOS Concurrency.app */,
			);
			name = Products;
			sourceTree = "<group>";
		};
		BB805DE3273DC78D008BEEAC /* iOS Concurrency */ = {
			isa = PBXGroup;
			children = (
				BB805DF3273DCA7A008BEEAC /* Models */,
				BB805DFB273DD99B008BEEAC /* Views */,
				BB805DFC273DD9B7008BEEAC /* ViewModels */,
				BB805DF2273DC7FF008BEEAC /* iOS-Concurrency-Info.plist */,
				BB805E03273DE4E8008BEEAC /* Extensions */,
				BB805DF8273DCE68008BEEAC /* Services */,
				BB805DE4273DC78D008BEEAC /* iOS_ConcurrencyApp.swift */,
				BB805DE8273DC78E008BEEAC /* Assets.xcassets */,
				BB805DEA273DC78E008BEEAC /* Preview Content */,
			);
			path = "iOS Concurrency";
			sourceTree = "<group>";
		};
		BB805DEA273DC78E008BEEAC /* Preview Content */ = {
			isa = PBXGroup;
			children = (
				BB805DEB273DC78E008BEEAC /* Preview Assets.xcassets */,
				BB805DFF273DE483008BEEAC /* users.json */,
				BB805E01273DE4AC008BEEAC /* posts.json */,
				BB805E06273DE52D008BEEAC /* MockData.swift */,
			);
			path = "Preview Content";
			sourceTree = "<group>";
		};
		BB805DF3273DCA7A008BEEAC /* Models */ = {
			isa = PBXGroup;
			children = (
				BB805DF4273DCA8B008BEEAC /* User.swift */,
				BB805DF6273DCB2B008BEEAC /* Post.swift */,
			);
			path = Models;
			sourceTree = "<group>";
		};
		BB805DF8273DCE68008BEEAC /* Services */ = {
			isa = PBXGroup;
			children = (
				BB805DF9273DCE80008BEEAC /* APIService.swift */,
			);
			path = Services;
			sourceTree = "<group>";
		};
		BB805DFB273DD99B008BEEAC /* Views */ = {
			isa = PBXGroup;
			children = (
				BB805DE6273DC78D008BEEAC /* UsersListView.swift */,
				BB805E0A273DE98F008BEEAC /* PostsListView.swift */,
			);
			path = Views;
			sourceTree = "<group>";
		};
		BB805DFC273DD9B7008BEEAC /* ViewModels */ = {
			isa = PBXGroup;
			children = (
				BB805DFD273DD9D9008BEEAC /* UsersListViewModel.swift */,
				BB805E08273DE862008BEEAC /* PostsListViewModel.swift */,
			);
			path = ViewModels;
			sourceTree = "<group>";
		};
		BB805E03273DE4E8008BEEAC /* Extensions */ = {
			isa = PBXGroup;
			children = (
				BB805E04273DE506008BEEAC /* Bundle+Extension.swift */,
			);
			path = Extensions;
			sourceTree = "<group>";
		};
/* End PBXGroup section */

/* Begin PBXNativeTarget section */
		BB805DE0273DC78D008BEEAC /* iOS Concurrency */ = {
			isa = PBXNativeTarget;
			buildConfigurationList = BB805DEF273DC78E008BEEAC /* Build configuration list for PBXNativeTarget "iOS Concurrency" */;
			buildPhases = (
				BB805DDD273DC78D008BEEAC /* Sources */,
				BB805DDE273DC78D008BEEAC /* Frameworks */,
				BB805DDF273DC78D008BEEAC /* Resources */,
			);
			buildRules = (
			);
			dependencies = (
			);
			name = "iOS Concurrency";
			productName = "iOS Concurrency";
			productReference = BB805DE1273DC78D008BEEAC /* iOS Concurrency.app */;
			productType = "com.apple.product-type.application";
		};
/* End PBXNativeTarget section */

/* Begin PBXProject section */
		BB805DD9273DC78D008BEEAC /* Project object */ = {
			isa = PBXProject;
			attributes = {
				BuildIndependentTargetsInParallel = 1;
				LastSwiftUpdateCheck = 1320;
				LastUpgradeCheck = 1320;
				TargetAttributes = {
					BB805DE0273DC78D008BEEAC = {
						CreatedOnToolsVersion = 13.2;
					};
				};
			};
			buildConfigurationList = BB805DDC273DC78D008BEEAC /* Build configuration list for PBXProject "iOS Concurrency" */;
			compatibilityVersion = "Xcode 13.0";
			developmentRegion = en;
			hasScannedForEncodings = 0;
			knownRegions = (
				en,
				Base,
			);
			mainGroup = BB805DD8273DC78D008BEEAC;
			productRefGroup = BB805DE2273DC78D008BEEAC /* Products */;
			projectDirPath = "";
			projectRoot = "";
			targets = (
				BB805DE0273DC78D008BEEAC /* iOS Concurrency */,
			);
		};
/* End PBXProject section */

/* Begin PBXResourcesBuildPhase section */
		BB805DDF273DC78D008BEEAC /* Resources */ = {
			isa = PBXResourcesBuildPhase;
			buildActionMask = 2147483647;
			files = (
				BB805E00273DE483008BEEAC /* users.json in Resources */,
				BB805DEC273DC78E008BEEAC /* Preview Assets.xcassets in Resources */,
				BB805DE9273DC78E008BEEAC /* Assets.xcassets in Resources */,
				BB805E02273DE4AC008BEEAC /* posts.json in Resources */,
			);
			runOnlyForDeploymentPostprocessing = 0;
		};
/* End PBXResourcesBuildPhase section */

/* Begin PBXSourcesBuildPhase section */
		BB805DDD273DC78D008BEEAC /* Sources */ = {
			isa = PBXSourcesBuildPhase;
			buildActionMask = 2147483647;
			files = (
				BB805DE7273DC78D008BEEAC /* UsersListView.swift in Sources */,
				BB805E05273DE506008BEEAC /* Bundle+Extension.swift in Sources */,
				BB805DFE273DD9D9008BEEAC /* UsersListViewModel.swift in Sources */,
				BB805E09273DE862008BEEAC /* PostsListViewModel.swift in Sources */,
				BB805DFA273DCE80008BEEAC /* APIService.swift in Sources */,
				BB805DE5273DC78D008BEEAC /* iOS_ConcurrencyApp.swift in Sources */,
				BB805E07273DE52D008BEEAC /* MockData.swift in Sources */,
				BB805DF5273DCA8B008BEEAC /* User.swift in Sources */,
				BB805E0B273DE98F008BEEAC /* PostsListView.swift in Sources */,
				BB805DF7273DCB2B008BEEAC /* Post.swift in Sources */,
			);
			runOnlyForDeploymentPostprocessing = 0;
		};
/* End PBXSourcesBuildPhase section */

/* Begin XCBuildConfiguration section */
		BB805DED273DC78E008BEEAC /* Debug */ = {
			isa = XCBuildConfiguration;
			buildSettings = {
				ALWAYS_SEARCH_USER_PATHS = NO;
				CLANG_ANALYZER_NONNULL = YES;
				CLANG_ANALYZER_NUMBER_OBJECT_CONVERSION = YES_AGGRESSIVE;
				CLANG_CXX_LANGUAGE_STANDARD = "gnu++17";
				CLANG_CXX_LIBRARY = "libc++";
				CLANG_ENABLE_MODULES = YES;
				CLANG_ENABLE_OBJC_ARC = YES;
				CLANG_ENABLE_OBJC_WEAK = YES;
				CLANG_WARN_BLOCK_CAPTURE_AUTORELEASING = YES;
				CLANG_WARN_BOOL_CONVERSION = YES;
				CLANG_WARN_COMMA = YES;
				CLANG_WARN_CONSTANT_CONVERSION = YES;
				CLANG_WARN_DEPRECATED_OBJC_IMPLEMENTATIONS = YES;
				CLANG_WARN_DIRECT_OBJC_ISA_USAGE = YES_ERROR;
				CLANG_WARN_DOCUMENTATION_COMMENTS = YES;
				CLANG_WARN_EMPTY_BODY = YES;
				CLANG_WARN_ENUM_CONVERSION = YES;
				CLANG_WARN_INFINITE_RECURSION = YES;
				CLANG_WARN_INT_CONVERSION = YES;
				CLANG_WARN_NON_LITERAL_NULL_CONVERSION = YES;
				CLANG_WARN_OBJC_IMPLICIT_RETAIN_SELF = YES;
				CLANG_WARN_OBJC_LITERAL_CONVERSION = YES;
				CLANG_WARN_OBJC_ROOT_CLASS = YES_ERROR;
				CLANG_WARN_QUOTED_INCLUDE_IN_FRAMEWORK_HEADER = YES;
				CLANG_WARN_RANGE_LOOP_ANALYSIS = YES;
				CLANG_WARN_STRICT_PROTOTYPES = YES;
				CLANG_WARN_SUSPICIOUS_MOVE = YES;
				CLANG_WARN_UNGUARDED_AVAILABILITY = YES_AGGRESSIVE;
				CLANG_WARN_UNREACHABLE_CODE = YES;
				CLANG_WARN__DUPLICATE_METHOD_MATCH = YES;
				COPY_PHASE_STRIP = NO;
				DEBUG_INFORMATION_FORMAT = dwarf;
				ENABLE_STRICT_OBJC_MSGSEND = YES;
				ENABLE_TESTABILITY = YES;
				GCC_C_LANGUAGE_STANDARD = gnu11;
				GCC_DYNAMIC_NO_PIC = NO;
				GCC_NO_COMMON_BLOCKS = YES;
				GCC_OPTIMIZATION_LEVEL = 0;
				GCC_PREPROCESSOR_DEFINITIONS = (
					"DEBUG=1",
					"$(inherited)",
				);
				GCC_WARN_64_TO_32_BIT_CONVERSION = YES;
				GCC_WARN_ABOUT_RETURN_TYPE = YES_ERROR;
				GCC_WARN_UNDECLARED_SELECTOR = YES;
				GCC_WARN_UNINITIALIZED_AUTOS = YES_AGGRESSIVE;
				GCC_WARN_UNUSED_FUNCTION = YES;
				GCC_WARN_UNUSED_VARIABLE = YES;
				IPHONEOS_DEPLOYMENT_TARGET = 15.2;
				MTL_ENABLE_DEBUG_INFO = INCLUDE_SOURCE;
				MTL_FAST_MATH = YES;
				ONLY_ACTIVE_ARCH = YES;
				SDKROOT = iphoneos;
				SWIFT_ACTIVE_COMPILATION_CONDITIONS = DEBUG;
				SWIFT_OPTIMIZATION_LEVEL = "-Onone";
			};
			name = Debug;
		};
		BB805DEE273DC78E008BEEAC /* Release */ = {
			isa = XCBuildConfiguration;
			buildSettings = {
				ALWAYS_SEARCH_USER_PATHS = NO;
				CLANG_ANALYZER_NONNULL = YES;
				CLANG_ANALYZER_NUMBER_OBJECT_CONVERSION = YES_AGGRESSIVE;
				CLANG_CXX_LANGUAGE_STANDARD = "gnu++17";
				CLANG_CXX_LIBRARY = "libc++";
				CLANG_ENABLE_MODULES = YES;
				CLANG_ENABLE_OBJC_ARC = YES;
				CLANG_ENABLE_OBJC_WEAK = YES;
				CLANG_WARN_BLOCK_CAPTURE_AUTORELEASING = YES;
				CLANG_WARN_BOOL_CONVERSION = YES;
				CLANG_WARN_COMMA = YES;
				CLANG_WARN_CONSTANT_CONVERSION = YES;
				CLANG_WARN_DEPRECATED_OBJC_IMPLEMENTATIONS = YES;
				CLANG_WARN_DIRECT_OBJC_ISA_USAGE = YES_ERROR;
				CLANG_WARN_DOCUMENTATION_COMMENTS = YES;
				CLANG_WARN_EMPTY_BODY = YES;
				CLANG_WARN_ENUM_CONVERSION = YES;
				CLANG_WARN_INFINITE_RECURSION = YES;
				CLANG_WARN_INT_CONVERSION = YES;
				CLANG_WARN_NON_LITERAL_NULL_CONVERSION = YES;
				CLANG_WARN_OBJC_IMPLICIT_RETAIN_SELF = YES;
				CLANG_WARN_OBJC_LITERAL_CONVERSION = YES;
				CLANG_WARN_OBJC_ROOT_CLASS = YES_ERROR;
				CLANG_WARN_QUOTED_INCLUDE_IN_FRAMEWORK_HEADER = YES;
				CLANG_WARN_RANGE_LOOP_ANALYSIS = YES;
				CLANG_WARN_STRICT_PROTOTYPES = YES;
				CLANG_WARN_SUSPICIOUS_MOVE = YES;
				CLANG_WARN_UNGUARDED_AVAILABILITY = YES_AGGRESSIVE;
				CLANG_WARN_UNREACHABLE_CODE = YES;
				CLANG_WARN__DUPLICATE_METHOD_MATCH = YES;
				COPY_PHASE_STRIP = NO;
				DEBUG_INFORMATION_FORMAT = "dwarf-with-dsym";
				ENABLE_NS_ASSERTIONS = NO;
				ENABLE_STRICT_OBJC_MSGSEND = YES;
				GCC_C_LANGUAGE_STANDARD = gnu11;
				GCC_NO_COMMON_BLOCKS = YES;
				GCC_WARN_64_TO_32_BIT_CONVERSION = YES;
				GCC_WARN_ABOUT_RETURN_TYPE = YES_ERROR;
				GCC_WARN_UNDECLARED_SELECTOR = YES;
				GCC_WARN_UNINITIALIZED_AUTOS = YES_AGGRESSIVE;
				GCC_WARN_UNUSED_FUNCTION = YES;
				GCC_WARN_UNUSED_VARIABLE = YES;
				IPHONEOS_DEPLOYMENT_TARGET = 15.2;
				MTL_ENABLE_DEBUG_INFO = NO;
				MTL_FAST_MATH = YES;
				SDKROOT = iphoneos;
				SWIFT_COMPILATION_MODE = wholemodule;
				SWIFT_OPTIMIZATION_LEVEL = "-O";
				VALIDATE_PRODUCT = YES;
			};
			name = Release;
		};
		BB805DF0273DC78E008BEEAC /* Debug */ = {
			isa = XCBuildConfiguration;
			buildSettings = {
				ASSETCATALOG_COMPILER_APPICON_NAME = AppIcon;
				ASSETCATALOG_COMPILER_GLOBAL_ACCENT_COLOR_NAME = AccentColor;
				CODE_SIGN_STYLE = Automatic;
				CURRENT_PROJECT_VERSION = 1;
				DEVELOPMENT_ASSET_PATHS = "\"iOS Concurrency/Preview Content\"";
				DEVELOPMENT_TEAM = RKV4UP49S6;
				ENABLE_PREVIEWS = YES;
				GENERATE_INFOPLIST_FILE = YES;
				INFOPLIST_FILE = "iOS-Concurrency-Info.plist";
				INFOPLIST_KEY_UIApplicationSceneManifest_Generation = YES;
				INFOPLIST_KEY_UIApplicationSupportsIndirectInputEvents = YES;
				INFOPLIST_KEY_UISupportedInterfaceOrientations_iPad = "UIInterfaceOrientationPortrait UIInterfaceOrientationPortraitUpsideDown UIInterfaceOrientationLandscapeLeft UIInterfaceOrientationLandscapeRight";
				INFOPLIST_KEY_UISupportedInterfaceOrientations_iPhone = "UIInterfaceOrientationPortrait UIInterfaceOrientationLandscapeLeft UIInterfaceOrientationLandscapeRight";
				LD_RUNPATH_SEARCH_PATHS = (
					"$(inherited)",
					"@executable_path/Frameworks",
				);
				MARKETING_VERSION = 1.0;
				PRODUCT_BUNDLE_IDENTIFIER = "com.createchsol.iOS-Concurrency";
				PRODUCT_NAME = "$(TARGET_NAME)";
				SWIFT_EMIT_LOC_STRINGS = YES;
				SWIFT_VERSION = 5.0;
				TARGETED_DEVICE_FAMILY = "1,2";
			};
			name = Debug;
		};
		BB805DF1273DC78E008BEEAC /* Release */ = {
			isa = XCBuildConfiguration;
			buildSettings = {
				ASSETCATALOG_COMPILER_APPICON_NAME = AppIcon;
				ASSETCATALOG_COMPILER_GLOBAL_ACCENT_COLOR_NAME = AccentColor;
				CODE_SIGN_STYLE = Automatic;
				CURRENT_PROJECT_VERSION = 1;
				DEVELOPMENT_ASSET_PATHS = "\"iOS Concurrency/Preview Content\"";
				DEVELOPMENT_TEAM = RKV4UP49S6;
				ENABLE_PREVIEWS = YES;
				GENERATE_INFOPLIST_FILE = YES;
				INFOPLIST_FILE = "iOS-Concurrency-Info.plist";
				INFOPLIST_KEY_UIApplicationSceneManifest_Generation = YES;
				INFOPLIST_KEY_UIApplicationSupportsIndirectInputEvents = YES;
				INFOPLIST_KEY_UISupportedInterfaceOrientations_iPad = "UIInterfaceOrientationPortrait UIInterfaceOrientationPortraitUpsideDown UIInterfaceOrientationLandscapeLeft UIInterfaceOrientationLandscapeRight";
				INFOPLIST_KEY_UISupportedInterfaceOrientations_iPhone = "UIInterfaceOrientationPortrait UIInterfaceOrientationLandscapeLeft UIInterfaceOrientationLandscapeRight";
				LD_RUNPATH_SEARCH_PATHS = (
					"$(inherited)",
					"@executable_path/Frameworks",
				);
				MARKETING_VERSION = 1.0;
				PRODUCT_BUNDLE_IDENTIFIER = "com.createchsol.iOS-Concurrency";
				PRODUCT_NAME = "$(TARGET_NAME)";
				SWIFT_EMIT_LOC_STRINGS = YES;
				SWIFT_VERSION = 5.0;
				TARGETED_DEVICE_FAMILY = "1,2";
			};
			name = Release;
		};
/* End XCBuildConfiguration section */

/* Begin XCConfigurationList section */
		BB805DDC273DC78D008BEEAC /* Build configuration list for PBXProject "iOS Concurrency" */ = {
			isa = XCConfigurationList;
			buildConfigurations = (
				BB805DED273DC78E008BEEAC /* Debug */,
				BB805DEE273DC78E008BEEAC /* Release */,
			);
			defaultConfigurationIsVisible = 0;
			defaultConfigurationName = Release;
		};
		BB805DEF273DC78E008BEEAC /* Build configuration list for PBXNativeTarget "iOS Concurrency" */ = {
			isa = XCConfigurationList;
			buildConfigurations = (
				BB805DF0273DC78E008BEEAC /* Debug */,
				BB805DF1273DC78E008BEEAC /* Release */,
			);
			defaultConfigurationIsVisible = 0;
			defaultConfigurationName = Release;
		};
/* End XCConfigurationList section */
	};
	rootObject = BB805DD9273DC78D008BEEAC /* Project object */;
}
